github.com/bufbuild/protoc-gen-validate v0.0.0-20251013065838-3c1639cd470fb6a46899585afe87baee422d40bf h1:ZZ5JyUkmrj9OBHM+gOCzeL5L/pAKVbsUl051yhhJTjU=
github.com/googleapis/googleapis v0.0.0-20251024161356-b8a4d56335478100ceb9df549bd18119a4b4b392 h1:sbra5KTNTmxWmHTFXnQ7v879BbqMW8IKs+YEvHBxGY8=
github.com/grpc-ecosystem/grpc-gateway v0.0.0-20251025090023-234efd553dbc3e2f3e06825a7e46e9b171dae936 h1:ULnvpgo/588SeVScxdehtCfMPzw1YSbSdXEhE/IgJww=
